
Microsoft Visual Studio Solution File, Format Version 12.00
# Visual Studio 2013
VisualStudioVersion = 12.0.30501.0
MinimumVisualStudioVersion = 10.0.40219.1
Project("{FAE04EC0-301F-11D3-BF4B-00C04F79EFBC}") = "FinApps2014.Wearable.App", "FinApps2014.Wearable.App\FinApps2014.Wearable.App.csproj", "{BFB6AF78-7E0F-48D6-A56F-A6D0377117D7}"
EndProject
Project("{2150E333-8FDC-42A3-9474-1A3956D46DE8}") = ".nuget", ".nuget", "{7039E4D6-D3D7-4C51-A3CE-418DFEFDF333}"
	ProjectSection(SolutionItems) = preProject
		.nuget\NuGet.Config = .nuget\NuGet.Config
		.nuget\NuGet.exe = .nuget\NuGet.exe
		.nuget\NuGet.targets = .nuget\NuGet.targets
	EndProjectSection
EndProject
Project("{2150E333-8FDC-42A3-9474-1A3956D46DE8}") = "Screenshots", "Screenshots", "{2A3DDE6E-EDBF-44BA-80A1-C8E714499D18}"
	ProjectSection(SolutionItems) = preProject
		Screenshots\scsht2.png = Screenshots\scsht2.png
		Screenshots\scsht3.png = Screenshots\scsht3.png
		Screenshots\scsht4.png = Screenshots\scsht4.png
		Screenshots\scsht5.png = Screenshots\scsht5.png
		Screenshots\scsht6.png = Screenshots\scsht6.png
		Screenshots\scsht7.png = Screenshots\scsht7.png
		Screenshots\scsht8.png = Screenshots\scsht8.png
		Screenshots\scsht9.png = Screenshots\scsht9.png
	EndProjectSection
EndProject
Global
	GlobalSection(SolutionConfigurationPlatforms) = preSolution
		Debug|Any CPU = Debug|Any CPU
		Release|Any CPU = Release|Any CPU
	EndGlobalSection
	GlobalSection(ProjectConfigurationPlatforms) = postSolution
		{BFB6AF78-7E0F-48D6-A56F-A6D0377117D7}.Debug|Any CPU.ActiveCfg = Debug|Any CPU
		{BFB6AF78-7E0F-48D6-A56F-A6D0377117D7}.Debug|Any CPU.Build.0 = Debug|Any CPU
		{BFB6AF78-7E0F-48D6-A56F-A6D0377117D7}.Debug|Any CPU.Deploy.0 = Debug|Any CPU
		{BFB6AF78-7E0F-48D6-A56F-A6D0377117D7}.Release|Any CPU.ActiveCfg = Release|Any CPU
		{BFB6AF78-7E0F-48D6-A56F-A6D0377117D7}.Release|Any CPU.Build.0 = Release|Any CPU
		{BFB6AF78-7E0F-48D6-A56F-A6D0377117D7}.Release|Any CPU.Deploy.0 = Release|Any CPU
	EndGlobalSection
	GlobalSection(SolutionProperties) = preSolution
		HideSolutionNode = FALSE
	EndGlobalSection
EndGlobal
